
Microsoft Visual Studio Solution File, Format Version 12.00
# Visual Studio Version 17
VisualStudioVersion = 17.1.32421.90
MinimumVisualStudioVersion = 10.0.40219.1
Project("{FAE04EC0-301F-11D3-BF4B-00C04F79EFBC}") = "Comarca_Fruver", "Comarca_Fruver\Comarca_Fruver.csproj", "{A91F6320-16A0-48E1-85E7-E501074C3EBD}"
EndProject
Global
	GlobalSection(SolutionConfigurationPlatforms) = preSolution
		Debug|Any CPU = Debug|Any CPU
		Release|Any CPU = Release|Any CPU
	EndGlobalSection
	GlobalSection(ProjectConfigurationPlatforms) = postSolution
		{A91F6320-16A0-48E1-85E7-E501074C3EBD}.Debug|Any CPU.ActiveCfg = Debug|Any CPU
		{A91F6320-16A0-48E1-85E7-E501074C3EBD}.Debug|Any CPU.Build.0 = Debug|Any CPU
		{A91F6320-16A0-48E1-85E7-E501074C3EBD}.Release|Any CPU.ActiveCfg = Release|Any CPU
		{A91F6320-16A0-48E1-85E7-E501074C3EBD}.Release|Any CPU.Build.0 = Release|Any CPU
	EndGlobalSection
	GlobalSection(SolutionProperties) = preSolution
		HideSolutionNode = FALSE
	EndGlobalSection
	GlobalSection(ExtensibilityGlobals) = postSolution
		SolutionGuid = {D094E4D1-FC0C-4D30-AB5D-BAA62DDDB60E}
	EndGlobalSection
EndGlobal
